
Microsoft Visual Studio Solution File, Format Version 12.00
# Visual Studio Version 16
VisualStudioVersion = 16.0.30320.27
MinimumVisualStudioVersion = 10.0.40219.1
Project("{FAE04EC0-301F-11D3-BF4B-00C04F79EFBC}") = "ado.net连接池", "ado.net连接池\ado.net连接池.csproj", "{36001144-8FD3-4661-AF4C-44B46079ACD1}"
EndProject
Global
	GlobalSection(SolutionConfigurationPlatforms) = preSolution
		Debug|Any CPU = Debug|Any CPU
		Release|Any CPU = Release|Any CPU
	EndGlobalSection
	GlobalSection(ProjectConfigurationPlatforms) = postSolution
		{36001144-8FD3-4661-AF4C-44B46079ACD1}.Debug|Any CPU.ActiveCfg = Debug|Any CPU
		{36001144-8FD3-4661-AF4C-44B46079ACD1}.Debug|Any CPU.Build.0 = Debug|Any CPU
		{36001144-8FD3-4661-AF4C-44B46079ACD1}.Release|Any CPU.ActiveCfg = Release|Any CPU
		{36001144-8FD3-4661-AF4C-44B46079ACD1}.Release|Any CPU.Build.0 = Release|Any CPU
	EndGlobalSection
	GlobalSection(SolutionProperties) = preSolution
		HideSolutionNode = FALSE
	EndGlobalSection
	GlobalSection(ExtensibilityGlobals) = postSolution
		SolutionGuid = {E7517265-9BF0-4D80-A8B3-4295DA2EEAEE}
	EndGlobalSection
EndGlobal
